
Microsoft Visual Studio Solution File, Format Version 12.00
# Visual Studio 15
VisualStudioVersion = 15.0.28307.168
MinimumVisualStudioVersion = 10.0.40219.1
Project("{9A19103F-16F7-4668-BE54-9A1E7A4F7556}") = "Galaxy.EF.Client", "Galaxy.EF.Client\Galaxy.EF.Client.csproj", "{84769E04-2440-48E2-ABD5-8E265D56AF2D}"
EndProject
Project("{00D1A9C2-B5F0-4AF3-8072-F6C62B433612}") = "Galaxy.DataBase", "Galaxy.DataBase\Galaxy.DataBase.sqlproj", "{8FD51BFF-22F7-46ED-9B11-DB8B525E5AC2}"
EndProject
Project("{FAE04EC0-301F-11D3-BF4B-00C04F79EFBC}") = "Galaxy.EF.DatabaseFirst", "Galaxy.EF.DatabaseFirst\Galaxy.EF.DatabaseFirst.csproj", "{1715AAFC-DC34-4BFA-B4EB-5004AEA5FB6F}"
EndProject
Project("{FAE04EC0-301F-11D3-BF4B-00C04F79EFBC}") = "Galaxy.EF.ModelFirst", "Galaxy.EF.ModelFirst\Galaxy.EF.ModelFirst.csproj", "{58FA314B-7797-4641-AC78-1ED9608262C1}"
EndProject
Project("{9A19103F-16F7-4668-BE54-9A1E7A4F7556}") = "Galaxy.EF.CodeFirst", "Galaxy.EF.CodeFirst\Galaxy.EF.CodeFirst.csproj", "{C466987C-5B12-4875-8D37-A751351079DE}"
EndProject
Project("{9A19103F-16F7-4668-BE54-9A1E7A4F7556}") = "Galaxy.EF.API", "Galaxy.EF.API\Galaxy.EF.API.csproj", "{A4D0B6CF-F450-4221-BC88-8DAC3CE174AC}"
EndProject
Project("{FAE04EC0-301F-11D3-BF4B-00C04F79EFBC}") = "Galaxy.EF.ApplicationService", "ApplicationService\Galaxy.EF.ApplicationService.csproj", "{46EFE86D-FAD3-4F1F-A696-940EDA947116}"
EndProject
Project("{FAE04EC0-301F-11D3-BF4B-00C04F79EFBC}") = "Galaxy.EF.TestService", "Galaxy.EF.TestService\Galaxy.EF.TestService.csproj", "{24BA77F5-ECF8-462B-B509-73B451453BF6}"
EndProject
Global
	GlobalSection(SolutionConfigurationPlatforms) = preSolution
		Debug|Any CPU = Debug|Any CPU
		Release|Any CPU = Release|Any CPU
	EndGlobalSection
	GlobalSection(ProjectConfigurationPlatforms) = postSolution
		{84769E04-2440-48E2-ABD5-8E265D56AF2D}.Debug|Any CPU.ActiveCfg = Debug|Any CPU
		{84769E04-2440-48E2-ABD5-8E265D56AF2D}.Debug|Any CPU.Build.0 = Debug|Any CPU
		{84769E04-2440-48E2-ABD5-8E265D56AF2D}.Release|Any CPU.ActiveCfg = Release|Any CPU
		{84769E04-2440-48E2-ABD5-8E265D56AF2D}.Release|Any CPU.Build.0 = Release|Any CPU
		{8FD51BFF-22F7-46ED-9B11-DB8B525E5AC2}.Debug|Any CPU.ActiveCfg = Debug|Any CPU
		{8FD51BFF-22F7-46ED-9B11-DB8B525E5AC2}.Debug|Any CPU.Build.0 = Debug|Any CPU
		{8FD51BFF-22F7-46ED-9B11-DB8B525E5AC2}.Debug|Any CPU.Deploy.0 = Debug|Any CPU
		{8FD51BFF-22F7-46ED-9B11-DB8B525E5AC2}.Release|Any CPU.ActiveCfg = Release|Any CPU
		{8FD51BFF-22F7-46ED-9B11-DB8B525E5AC2}.Release|Any CPU.Build.0 = Release|Any CPU
		{8FD51BFF-22F7-46ED-9B11-DB8B525E5AC2}.Release|Any CPU.Deploy.0 = Release|Any CPU
		{1715AAFC-DC34-4BFA-B4EB-5004AEA5FB6F}.Debug|Any CPU.ActiveCfg = Debug|Any CPU
		{1715AAFC-DC34-4BFA-B4EB-5004AEA5FB6F}.Debug|Any CPU.Build.0 = Debug|Any CPU
		{1715AAFC-DC34-4BFA-B4EB-5004AEA5FB6F}.Release|Any CPU.ActiveCfg = Release|Any CPU
		{1715AAFC-DC34-4BFA-B4EB-5004AEA5FB6F}.Release|Any CPU.Build.0 = Release|Any CPU
		{58FA314B-7797-4641-AC78-1ED9608262C1}.Debug|Any CPU.ActiveCfg = Debug|Any CPU
		{58FA314B-7797-4641-AC78-1ED9608262C1}.Debug|Any CPU.Build.0 = Debug|Any CPU
		{58FA314B-7797-4641-AC78-1ED9608262C1}.Release|Any CPU.ActiveCfg = Release|Any CPU
		{58FA314B-7797-4641-AC78-1ED9608262C1}.Release|Any CPU.Build.0 = Release|Any CPU
		{C466987C-5B12-4875-8D37-A751351079DE}.Debug|Any CPU.ActiveCfg = Debug|Any CPU
		{C466987C-5B12-4875-8D37-A751351079DE}.Debug|Any CPU.Build.0 = Debug|Any CPU
		{C466987C-5B12-4875-8D37-A751351079DE}.Release|Any CPU.ActiveCfg = Release|Any CPU
		{C466987C-5B12-4875-8D37-A751351079DE}.Release|Any CPU.Build.0 = Release|Any CPU
		{A4D0B6CF-F450-4221-BC88-8DAC3CE174AC}.Debug|Any CPU.ActiveCfg = Debug|Any CPU
		{A4D0B6CF-F450-4221-BC88-8DAC3CE174AC}.Debug|Any CPU.Build.0 = Debug|Any CPU
		{A4D0B6CF-F450-4221-BC88-8DAC3CE174AC}.Release|Any CPU.ActiveCfg = Release|Any CPU
		{A4D0B6CF-F450-4221-BC88-8DAC3CE174AC}.Release|Any CPU.Build.0 = Release|Any CPU
		{46EFE86D-FAD3-4F1F-A696-940EDA947116}.Debug|Any CPU.ActiveCfg = Debug|Any CPU
		{46EFE86D-FAD3-4F1F-A696-940EDA947116}.Debug|Any CPU.Build.0 = Debug|Any CPU
		{46EFE86D-FAD3-4F1F-A696-940EDA947116}.Release|Any CPU.ActiveCfg = Release|Any CPU
		{46EFE86D-FAD3-4F1F-A696-940EDA947116}.Release|Any CPU.Build.0 = Release|Any CPU
		{24BA77F5-ECF8-462B-B509-73B451453BF6}.Debug|Any CPU.ActiveCfg = Debug|Any CPU
		{24BA77F5-ECF8-462B-B509-73B451453BF6}.Debug|Any CPU.Build.0 = Debug|Any CPU
		{24BA77F5-ECF8-462B-B509-73B451453BF6}.Release|Any CPU.ActiveCfg = Release|Any CPU
		{24BA77F5-ECF8-462B-B509-73B451453BF6}.Release|Any CPU.Build.0 = Release|Any CPU
	EndGlobalSection
	GlobalSection(SolutionProperties) = preSolution
		HideSolutionNode = FALSE
	EndGlobalSection
	GlobalSection(ExtensibilityGlobals) = postSolution
		SolutionGuid = {3787DE87-DF82-4BC9-ABAC-F5505CF198CC}
	EndGlobalSection
EndGlobal
