
Microsoft Visual Studio Solution File, Format Version 12.00
# Visual Studio Version 16
VisualStudioVersion = 16.0.29709.97
MinimumVisualStudioVersion = 10.0.40219.1
Project("{FAE04EC0-301F-11D3-BF4B-00C04F79EFBC}") = "NetCore.Fundametals.Security.Client.Web", "NetCore.Fundametals.Security.Client.Web\NetCore.Fundametals.Security.Client.Web.csproj", "{4B5BEFE7-15C4-4FEE-ABED-B09BFF459DA8}"
EndProject
Project("{FAE04EC0-301F-11D3-BF4B-00C04F79EFBC}") = "NetCore.Fundametals.Security.Data", "NetCore.Fundametals.Security.Data\NetCore.Fundametals.Security.Data.csproj", "{1DADCB17-B29F-4C2F-B358-E01983589F1D}"
EndProject
Project("{00D1A9C2-B5F0-4AF3-8072-F6C62B433612}") = "NetCore.Fundametals.Security.DB", "NetCore.Fundametals.Security.DB\NetCore.Fundametals.Security.DB.sqlproj", "{333D5D46-EE50-4BC0-9B98-C102FFC4976B}"
EndProject
Project("{FAE04EC0-301F-11D3-BF4B-00C04F79EFBC}") = "NetCore.Fundametals.Security.Dtos", "NetCore.Fundametals.Security.Dtos\NetCore.Fundametals.Security.Dtos.csproj", "{96979A39-8C0D-4956-99A4-E8060475464B}"
EndProject
Global
	GlobalSection(SolutionConfigurationPlatforms) = preSolution
		Debug|Any CPU = Debug|Any CPU
		Release|Any CPU = Release|Any CPU
	EndGlobalSection
	GlobalSection(ProjectConfigurationPlatforms) = postSolution
		{4B5BEFE7-15C4-4FEE-ABED-B09BFF459DA8}.Debug|Any CPU.ActiveCfg = Debug|Any CPU
		{4B5BEFE7-15C4-4FEE-ABED-B09BFF459DA8}.Debug|Any CPU.Build.0 = Debug|Any CPU
		{4B5BEFE7-15C4-4FEE-ABED-B09BFF459DA8}.Release|Any CPU.ActiveCfg = Release|Any CPU
		{4B5BEFE7-15C4-4FEE-ABED-B09BFF459DA8}.Release|Any CPU.Build.0 = Release|Any CPU
		{1DADCB17-B29F-4C2F-B358-E01983589F1D}.Debug|Any CPU.ActiveCfg = Debug|Any CPU
		{1DADCB17-B29F-4C2F-B358-E01983589F1D}.Debug|Any CPU.Build.0 = Debug|Any CPU
		{1DADCB17-B29F-4C2F-B358-E01983589F1D}.Release|Any CPU.ActiveCfg = Release|Any CPU
		{1DADCB17-B29F-4C2F-B358-E01983589F1D}.Release|Any CPU.Build.0 = Release|Any CPU
		{333D5D46-EE50-4BC0-9B98-C102FFC4976B}.Debug|Any CPU.ActiveCfg = Debug|Any CPU
		{333D5D46-EE50-4BC0-9B98-C102FFC4976B}.Debug|Any CPU.Build.0 = Debug|Any CPU
		{333D5D46-EE50-4BC0-9B98-C102FFC4976B}.Debug|Any CPU.Deploy.0 = Debug|Any CPU
		{333D5D46-EE50-4BC0-9B98-C102FFC4976B}.Release|Any CPU.ActiveCfg = Release|Any CPU
		{333D5D46-EE50-4BC0-9B98-C102FFC4976B}.Release|Any CPU.Build.0 = Release|Any CPU
		{333D5D46-EE50-4BC0-9B98-C102FFC4976B}.Release|Any CPU.Deploy.0 = Release|Any CPU
		{96979A39-8C0D-4956-99A4-E8060475464B}.Debug|Any CPU.ActiveCfg = Debug|Any CPU
		{96979A39-8C0D-4956-99A4-E8060475464B}.Debug|Any CPU.Build.0 = Debug|Any CPU
		{96979A39-8C0D-4956-99A4-E8060475464B}.Release|Any CPU.ActiveCfg = Release|Any CPU
		{96979A39-8C0D-4956-99A4-E8060475464B}.Release|Any CPU.Build.0 = Release|Any CPU
	EndGlobalSection
	GlobalSection(SolutionProperties) = preSolution
		HideSolutionNode = FALSE
	EndGlobalSection
	GlobalSection(ExtensibilityGlobals) = postSolution
		SolutionGuid = {E0F1BC6B-2179-4D97-82C3-CA469422797C}
	EndGlobalSection
EndGlobal
